
Microsoft Visual Studio Solution File, Format Version 12.00
# Visual Studio Version 17
VisualStudioVersion = 17.5.002.0
MinimumVisualStudioVersion = 10.0.40219.1
Project("{9A19103F-16F7-4668-BE54-9A1E7A4F7556}") = "TODO_LIST.Api", "TODO_LIST.Api.csproj", "{727F8E7F-B46E-45D9-8BF5-4C29833A737D}"
EndProject
Global
	GlobalSection(SolutionConfigurationPlatforms) = preSolution
		Debug|Any CPU = Debug|Any CPU
		Release|Any CPU = Release|Any CPU
	EndGlobalSection
	GlobalSection(ProjectConfigurationPlatforms) = postSolution
		{727F8E7F-B46E-45D9-8BF5-4C29833A737D}.Debug|Any CPU.ActiveCfg = Debug|Any CPU
		{727F8E7F-B46E-45D9-8BF5-4C29833A737D}.Debug|Any CPU.Build.0 = Debug|Any CPU
		{727F8E7F-B46E-45D9-8BF5-4C29833A737D}.Release|Any CPU.ActiveCfg = Release|Any CPU
		{727F8E7F-B46E-45D9-8BF5-4C29833A737D}.Release|Any CPU.Build.0 = Release|Any CPU
	EndGlobalSection
	GlobalSection(SolutionProperties) = preSolution
		HideSolutionNode = FALSE
	EndGlobalSection
	GlobalSection(ExtensibilityGlobals) = postSolution
		SolutionGuid = {DDA4E809-2BEA-4973-B4EB-DFF2755558DE}
	EndGlobalSection
EndGlobal
